
Microsoft Visual Studio Solution File, Format Version 12.00
# Visual Studio 15
VisualStudioVersion = 15.0.28307.902
MinimumVisualStudioVersion = 10.0.40219.1
Project("{9A19103F-16F7-4668-BE54-9A1E7A4F7556}") = "dotnet-kafka-producer", "dotnet-kafka-producer.csproj", "{4C965C6F-81FA-445C-871C-9A6DCE3DE24D}"
EndProject
Global
	GlobalSection(SolutionConfigurationPlatforms) = preSolution
		Debug|Any CPU = Debug|Any CPU
		Release|Any CPU = Release|Any CPU
	EndGlobalSection
	GlobalSection(ProjectConfigurationPlatforms) = postSolution
		{4C965C6F-81FA-445C-871C-9A6DCE3DE24D}.Debug|Any CPU.ActiveCfg = Debug|Any CPU
		{4C965C6F-81FA-445C-871C-9A6DCE3DE24D}.Debug|Any CPU.Build.0 = Debug|Any CPU
		{4C965C6F-81FA-445C-871C-9A6DCE3DE24D}.Release|Any CPU.ActiveCfg = Release|Any CPU
		{4C965C6F-81FA-445C-871C-9A6DCE3DE24D}.Release|Any CPU.Build.0 = Release|Any CPU
	EndGlobalSection
	GlobalSection(SolutionProperties) = preSolution
		HideSolutionNode = FALSE
	EndGlobalSection
	GlobalSection(ExtensibilityGlobals) = postSolution
		SolutionGuid = {BB7CB6C5-C6CE-4871-AB6A-DA68A302CAE6}
	EndGlobalSection
EndGlobal
